
Microsoft Visual Studio Solution File, Format Version 12.00
# Visual Studio Version 17
VisualStudioVersion = 17.7.34009.444
MinimumVisualStudioVersion = 10.0.40219.1
Project("{FAE04EC0-301F-11D3-BF4B-00C04F79EFBC}") = "ZooProject", "ZooProject.csproj", "{72D0A52C-5D38-4FFE-8BA6-334A90899CA6}"
EndProject
Global
	GlobalSection(SolutionConfigurationPlatforms) = preSolution
		Debug|Any CPU = Debug|Any CPU
		Release|Any CPU = Release|Any CPU
	EndGlobalSection
	GlobalSection(ProjectConfigurationPlatforms) = postSolution
		{72D0A52C-5D38-4FFE-8BA6-334A90899CA6}.Debug|Any CPU.ActiveCfg = Debug|Any CPU
		{72D0A52C-5D38-4FFE-8BA6-334A90899CA6}.Debug|Any CPU.Build.0 = Debug|Any CPU
		{72D0A52C-5D38-4FFE-8BA6-334A90899CA6}.Release|Any CPU.ActiveCfg = Release|Any CPU
		{72D0A52C-5D38-4FFE-8BA6-334A90899CA6}.Release|Any CPU.Build.0 = Release|Any CPU
	EndGlobalSection
	GlobalSection(SolutionProperties) = preSolution
		HideSolutionNode = FALSE
	EndGlobalSection
	GlobalSection(ExtensibilityGlobals) = postSolution
		SolutionGuid = {FBFB7ADE-0D93-4363-8257-BF34262B62B7}
	EndGlobalSection
EndGlobal
